
Microsoft Visual Studio Solution File, Format Version 12.00
# Visual Studio 15
VisualStudioVersion = 15.0.27703.2042
MinimumVisualStudioVersion = 10.0.40219.1
Project("{FAE04EC0-301F-11D3-BF4B-00C04F79EFBC}") = "Luau", "Luau\Luau.csproj", "{F4AA047C-127E-4C92-9870-8722EE9DDB0E}"
EndProject
Global
	GlobalSection(SolutionConfigurationPlatforms) = preSolution
		Debug|Any CPU = Debug|Any CPU
		Release|Any CPU = Release|Any CPU
	EndGlobalSection
	GlobalSection(ProjectConfigurationPlatforms) = postSolution
		{F4AA047C-127E-4C92-9870-8722EE9DDB0E}.Debug|Any CPU.ActiveCfg = Debug|Any CPU
		{F4AA047C-127E-4C92-9870-8722EE9DDB0E}.Debug|Any CPU.Build.0 = Debug|Any CPU
		{F4AA047C-127E-4C92-9870-8722EE9DDB0E}.Release|Any CPU.ActiveCfg = Release|Any CPU
		{F4AA047C-127E-4C92-9870-8722EE9DDB0E}.Release|Any CPU.Build.0 = Release|Any CPU
	EndGlobalSection
	GlobalSection(SolutionProperties) = preSolution
		HideSolutionNode = FALSE
	EndGlobalSection
	GlobalSection(ExtensibilityGlobals) = postSolution
		SolutionGuid = {9E72CF07-2106-4A4F-BC18-72596EE07223}
	EndGlobalSection
EndGlobal
